
Microsoft Visual Studio Solution File, Format Version 10.00
# Visual Studio 2008
Project("{FAE04EC0-301F-11D3-BF4B-00C04F79EFBC}") = "libserialport", "libserialport\libserialport.csproj", "{3AE239E5-E70E-41A9-8B76-ECCCFBC88C8C}"
EndProject
Project("{FAE04EC0-301F-11D3-BF4B-00C04F79EFBC}") = "PortInfo", "PortInfo\PortInfo.csproj", "{ED513CC2-15CC-46E8-8C5B-5DFD85119B6B}"
EndProject
Project("{FAE04EC0-301F-11D3-BF4B-00C04F79EFBC}") = "ListPorts", "ListPorts\ListPorts.csproj", "{D9AF00F1-A071-469E-869D-9984C3EA301C}"
EndProject
Project("{FAE04EC0-301F-11D3-BF4B-00C04F79EFBC}") = "HandleErrors", "HandleErrors\HandleErrors.csproj", "{5730FA74-6849-4113-8613-B707E0F026F8}"
EndProject
Project("{FAE04EC0-301F-11D3-BF4B-00C04F79EFBC}") = "PortConfig", "PortConfig\PortConfig.csproj", "{EA20F1E8-4E2A-4CC5-BBE2-358B94ED8122}"
EndProject
Project("{FAE04EC0-301F-11D3-BF4B-00C04F79EFBC}") = "SendReceive", "SendReceive\SendReceive.csproj", "{89919EDF-7BEB-45F9-803A-63456526F788}"
EndProject
Project("{FAE04EC0-301F-11D3-BF4B-00C04F79EFBC}") = "AwaitEvents", "AwaitEvents\AwaitEvents.csproj", "{C0CB427B-C439-4954-9B3F-51FFC64E5069}"
EndProject
Project("{FAE04EC0-301F-11D3-BF4B-00C04F79EFBC}") = "CSharpTest", "CSharpTest\CSharpTest.csproj", "{2B063770-5113-4224-AECE-2778C8708BDE}"
EndProject
Global
	GlobalSection(SolutionConfigurationPlatforms) = preSolution
		Debug|Any CPU = Debug|Any CPU
		Release|Any CPU = Release|Any CPU
	EndGlobalSection
	GlobalSection(ProjectConfigurationPlatforms) = postSolution
		{3AE239E5-E70E-41A9-8B76-ECCCFBC88C8C}.Debug|Any CPU.ActiveCfg = Debug|Any CPU
		{3AE239E5-E70E-41A9-8B76-ECCCFBC88C8C}.Debug|Any CPU.Build.0 = Debug|Any CPU
		{3AE239E5-E70E-41A9-8B76-ECCCFBC88C8C}.Release|Any CPU.ActiveCfg = Release|Any CPU
		{3AE239E5-E70E-41A9-8B76-ECCCFBC88C8C}.Release|Any CPU.Build.0 = Release|Any CPU
		{ED513CC2-15CC-46E8-8C5B-5DFD85119B6B}.Debug|Any CPU.ActiveCfg = Debug|Any CPU
		{ED513CC2-15CC-46E8-8C5B-5DFD85119B6B}.Debug|Any CPU.Build.0 = Debug|Any CPU
		{ED513CC2-15CC-46E8-8C5B-5DFD85119B6B}.Release|Any CPU.ActiveCfg = Release|Any CPU
		{ED513CC2-15CC-46E8-8C5B-5DFD85119B6B}.Release|Any CPU.Build.0 = Release|Any CPU
		{D9AF00F1-A071-469E-869D-9984C3EA301C}.Debug|Any CPU.ActiveCfg = Debug|Any CPU
		{D9AF00F1-A071-469E-869D-9984C3EA301C}.Debug|Any CPU.Build.0 = Debug|Any CPU
		{D9AF00F1-A071-469E-869D-9984C3EA301C}.Release|Any CPU.ActiveCfg = Release|Any CPU
		{D9AF00F1-A071-469E-869D-9984C3EA301C}.Release|Any CPU.Build.0 = Release|Any CPU
		{5730FA74-6849-4113-8613-B707E0F026F8}.Debug|Any CPU.ActiveCfg = Debug|Any CPU
		{5730FA74-6849-4113-8613-B707E0F026F8}.Debug|Any CPU.Build.0 = Debug|Any CPU
		{5730FA74-6849-4113-8613-B707E0F026F8}.Release|Any CPU.ActiveCfg = Release|Any CPU
		{5730FA74-6849-4113-8613-B707E0F026F8}.Release|Any CPU.Build.0 = Release|Any CPU
		{EA20F1E8-4E2A-4CC5-BBE2-358B94ED8122}.Debug|Any CPU.ActiveCfg = Debug|Any CPU
		{EA20F1E8-4E2A-4CC5-BBE2-358B94ED8122}.Debug|Any CPU.Build.0 = Debug|Any CPU
		{EA20F1E8-4E2A-4CC5-BBE2-358B94ED8122}.Release|Any CPU.ActiveCfg = Release|Any CPU
		{EA20F1E8-4E2A-4CC5-BBE2-358B94ED8122}.Release|Any CPU.Build.0 = Release|Any CPU
		{89919EDF-7BEB-45F9-803A-63456526F788}.Debug|Any CPU.ActiveCfg = Debug|Any CPU
		{89919EDF-7BEB-45F9-803A-63456526F788}.Debug|Any CPU.Build.0 = Debug|Any CPU
		{89919EDF-7BEB-45F9-803A-63456526F788}.Release|Any CPU.ActiveCfg = Release|Any CPU
		{89919EDF-7BEB-45F9-803A-63456526F788}.Release|Any CPU.Build.0 = Release|Any CPU
		{C0CB427B-C439-4954-9B3F-51FFC64E5069}.Debug|Any CPU.ActiveCfg = Debug|Any CPU
		{C0CB427B-C439-4954-9B3F-51FFC64E5069}.Debug|Any CPU.Build.0 = Debug|Any CPU
		{C0CB427B-C439-4954-9B3F-51FFC64E5069}.Release|Any CPU.ActiveCfg = Release|Any CPU
		{C0CB427B-C439-4954-9B3F-51FFC64E5069}.Release|Any CPU.Build.0 = Release|Any CPU
		{2B063770-5113-4224-AECE-2778C8708BDE}.Debug|Any CPU.ActiveCfg = Debug|Any CPU
		{2B063770-5113-4224-AECE-2778C8708BDE}.Debug|Any CPU.Build.0 = Debug|Any CPU
		{2B063770-5113-4224-AECE-2778C8708BDE}.Release|Any CPU.ActiveCfg = Release|Any CPU
		{2B063770-5113-4224-AECE-2778C8708BDE}.Release|Any CPU.Build.0 = Release|Any CPU
	EndGlobalSection
	GlobalSection(SolutionProperties) = preSolution
		HideSolutionNode = FALSE
	EndGlobalSection
EndGlobal
